{
  "originHash" : "121b79b293bbcdaf9f7a608f73f976e706109ee6966ed7c25353c69870393958",
  "pins" : [
    {
      "identity" : "limefriendskit_spm",
      "kind" : "remoteSourceControl",
      "location" : "https://github.com/LimeDevelopers/LimeFriendsKit_SPM.git",
      "state" : {
        "revision" : "b2f745dfdf97b477044c0128232536e1c424a357",
        "version" : "1.7.2"
      }
    },
    {
      "identity" : "snapkit",
      "kind" : "remoteSourceControl",
      "location" : "https://github.com/SnapKit/SnapKit.git",
      "state" : {
        "revision" : "2842e6e84e82eb9a8dac0100ca90d9444b0307f4",
        "version" : "5.7.1"
      }
    }
  ],
  "version" : 3
}
