// !$*UTF8*$!
{
	archiveVersion = 1;
	classes = {
	};
	objectVersion = 56;
	objects = {

/* Begin PBXBuildFile section */
		4D17683A2C37DF7D00142908 /* AppDelegate.swift in Sources */ = {isa = PBXBuildFile; fileRef = 4D1768392C37DF7D00142908 /* AppDelegate.swift */; };
		4D17683C2C37DF7D00142908 /* SceneDelegate.swift in Sources */ = {isa = PBXBuildFile; fileRef = 4D17683B2C37DF7D00142908 /* SceneDelegate.swift */; };
		4D17683E2C37DF7D00142908 /* ViewController.swift in Sources */ = {isa = PBXBuildFile; fileRef = 4D17683D2C37DF7D00142908 /* ViewController.swift */; };
		4D1768412C37DF7D00142908 /* Main.storyboard in Resources */ = {isa = PBXBuildFile; fileRef = 4D17683F2C37DF7D00142908 /* Main.storyboard */; };
		4D1768432C37DF7D00142908 /* Assets.xcassets in Resources */ = {isa = PBXBuildFile; fileRef = 4D1768422C37DF7D00142908 /* Assets.xcassets */; };
		4D1768462C37DF7D00142908 /* LaunchScreen.storyboard in Resources */ = {isa = PBXBuildFile; fileRef = 4D1768442C37DF7D00142908 /* LaunchScreen.storyboard */; };
		4D17684F2C37DF8F00142908 /* Lime_UIComponents in Frameworks */ = {isa = PBXBuildFile; productRef = 4D17684E2C37DF8F00142908 /* Lime_UIComponents */; };
		4D1768512C37E28C00142908 /* Lime_UIComponents in Frameworks */ = {isa = PBXBuildFile; productRef = 4D1768502C37E28C00142908 /* Lime_UIComponents */; };
/* End PBXBuildFile section */

/* Begin PBXFileReference section */
		4D1768362C37DF7D00142908 /* Example_SPM2.app */ = {isa = PBXFileReference; explicitFileType = wrapper.application; includeInIndex = 0; path = Example_SPM2.app; sourceTree = BUILT_PRODUCTS_DIR; };
		4D1768392C37DF7D00142908 /* AppDelegate.swift */ = {isa = PBXFileReference; lastKnownFileType = sourcecode.swift; path = AppDelegate.swift; sourceTree = "<group>"; };
		4D17683B2C37DF7D00142908 /* SceneDelegate.swift */ = {isa = PBXFileReference; lastKnownFileType = sourcecode.swift; path = SceneDelegate.swift; sourceTree = "<group>"; };
		4D17683D2C37DF7D00142908 /* ViewController.swift */ = {isa = PBXFileReference; lastKnownFileType = sourcecode.swift; path = ViewController.swift; sourceTree = "<group>"; };
		4D1768402C37DF7D00142908 /* Base */ = {isa = PBXFileReference; lastKnownFileType = file.storyboard; name = Base; path = Base.lproj/Main.storyboard; sourceTree = "<group>"; };
		4D1768422C37DF7D00142908 /* Assets.xcassets */ = {isa = PBXFileReference; lastKnownFileType = folder.assetcatalog; path = Assets.xcassets; sourceTree = "<group>"; };
		4D1768452C37DF7D00142908 /* Base */ = {isa = PBXFileReference; lastKnownFileType = file.storyboard; name = Base; path = Base.lproj/LaunchScreen.storyboard; sourceTree = "<group>"; };
		4D1768472C37DF7D00142908 /* Info.plist */ = {isa = PBXFileReference; lastKnownFileType = text.plist.xml; path = Info.plist; sourceTree = "<group>"; };
/* End PBXFileReference section */

/* Begin PBXFrameworksBuildPhase section */
		4D1768332C37DF7D00142908 /* Frameworks */ = {
			isa = PBXFrameworksBuildPhase;
			buildActionMask = 2147483647;
			files = (
				4D17684F2C37DF8F00142908 /* Lime_UIComponents in Frameworks */,
				4D1768512C37E28C00142908 /* Lime_UIComponents in Frameworks */,
			);
			runOnlyForDeploymentPostprocessing = 0;
		};
/* End PBXFrameworksBuildPhase section */

/* Begin PBXGroup section */
		4D17682D2C37DF7D00142908 = {
			isa = PBXGroup;
			children = (
				4D1768382C37DF7D00142908 /* Example_SPM2 */,
				4D1768372C37DF7D00142908 /* Products */,
			);
			sourceTree = "<group>";
		};
		4D1768372C37DF7D00142908 /* Products */ = {
			isa = PBXGroup;
			children = (
				4D1768362C37DF7D00142908 /* Example_SPM2.app */,
			);
			name = Products;
			sourceTree = "<group>";
		};
		4D1768382C37DF7D00142908 /* Example_SPM2 */ = {
			isa = PBXGroup;
			children = (
				4D1768392C37DF7D00142908 /* AppDelegate.swift */,
				4D17683B2C37DF7D00142908 /* SceneDelegate.swift */,
				4D17683D2C37DF7D00142908 /* ViewController.swift */,
				4D17683F2C37DF7D00142908 /* Main.storyboard */,
				4D1768422C37DF7D00142908 /* Assets.xcassets */,
				4D1768442C37DF7D00142908 /* LaunchScreen.storyboard */,
				4D1768472C37DF7D00142908 /* Info.plist */,
			);
			path = Example_SPM2;
			sourceTree = "<group>";
		};
/* End PBXGroup section */

/* Begin PBXNativeTarget section */
		4D1768352C37DF7D00142908 /* Example_SPM2 */ = {
			isa = PBXNativeTarget;
			buildConfigurationList = 4D17684A2C37DF7D00142908 /* Build configuration list for PBXNativeTarget "Example_SPM2" */;
			buildPhases = (
				4D1768322C37DF7D00142908 /* Sources */,
				4D1768332C37DF7D00142908 /* Frameworks */,
				4D1768342C37DF7D00142908 /* Resources */,
			);
			buildRules = (
			);
			dependencies = (
			);
			name = Example_SPM2;
			packageProductDependencies = (
				4D17684E2C37DF8F00142908 /* Lime_UIComponents */,
				4D1768502C37E28C00142908 /* Lime_UIComponents */,
			);
			productName = Example_SPM2;
			productReference = 4D1768362C37DF7D00142908 /* Example_SPM2.app */;
			productType = "com.apple.product-type.application";
		};
/* End PBXNativeTarget section */

/* Begin PBXProject section */
		4D17682E2C37DF7D00142908 /* Project object */ = {
			isa = PBXProject;
			attributes = {
				BuildIndependentTargetsInParallel = 1;
				LastSwiftUpdateCheck = 1510;
				LastUpgradeCheck = 1510;
				TargetAttributes = {
					4D1768352C37DF7D00142908 = {
						CreatedOnToolsVersion = 15.1;
					};
				};
			};
			buildConfigurationList = 4D1768312C37DF7D00142908 /* Build configuration list for PBXProject "Example_SPM2" */;
			compatibilityVersion = "Xcode 14.0";
			developmentRegion = en;
			hasScannedForEncodings = 0;
			knownRegions = (
				en,
				Base,
			);
			mainGroup = 4D17682D2C37DF7D00142908;
			packageReferences = (
				4D17684D2C37DF8F00142908 /* XCRemoteSwiftPackageReference "LimeFriendsKit_SPM" */,
			);
			productRefGroup = 4D1768372C37DF7D00142908 /* Products */;
			projectDirPath = "";
			projectRoot = "";
			targets = (
				4D1768352C37DF7D00142908 /* Example_SPM2 */,
			);
		};
/* End PBXProject section */

/* Begin PBXResourcesBuildPhase section */
		4D1768342C37DF7D00142908 /* Resources */ = {
			isa = PBXResourcesBuildPhase;
			buildActionMask = 2147483647;
			files = (
				4D1768462C37DF7D00142908 /* LaunchScreen.storyboard in Resources */,
				4D1768432C37DF7D00142908 /* Assets.xcassets in Resources */,
				4D1768412C37DF7D00142908 /* Main.storyboard in Resources */,
			);
			runOnlyForDeploymentPostprocessing = 0;
		};
/* End PBXResourcesBuildPhase section */

/* Begin PBXSourcesBuildPhase section */
		4D1768322C37DF7D00142908 /* Sources */ = {
			isa = PBXSourcesBuildPhase;
			buildActionMask = 2147483647;
			files = (
				4D17683E2C37DF7D00142908 /* ViewController.swift in Sources */,
				4D17683A2C37DF7D00142908 /* AppDelegate.swift in Sources */,
				4D17683C2C37DF7D00142908 /* SceneDelegate.swift in Sources */,
			);
			runOnlyForDeploymentPostprocessing = 0;
		};
/* End PBXSourcesBuildPhase section */

/* Begin PBXVariantGroup section */
		4D17683F2C37DF7D00142908 /* Main.storyboard */ = {
			isa = PBXVariantGroup;
			children = (
				4D1768402C37DF7D00142908 /* Base */,
			);
			name = Main.storyboard;
			sourceTree = "<group>";
		};
		4D1768442C37DF7D00142908 /* LaunchScreen.storyboard */ = {
			isa = PBXVariantGroup;
			children = (
				4D1768452C37DF7D00142908 /* Base */,
			);
			name = LaunchScreen.storyboard;
			sourceTree = "<group>";
		};
/* End PBXVariantGroup section */

/* Begin XCBuildConfiguration section */
		4D1768482C37DF7D00142908 /* Debug */ = {
			isa = XCBuildConfiguration;
			buildSettings = {
				ALWAYS_SEARCH_USER_PATHS = NO;
				ASSETCATALOG_COMPILER_GENERATE_SWIFT_ASSET_SYMBOL_EXTENSIONS = YES;
				CLANG_ANALYZER_NONNULL = YES;
				CLANG_ANALYZER_NUMBER_OBJECT_CONVERSION = YES_AGGRESSIVE;
				CLANG_CXX_LANGUAGE_STANDARD = "gnu++20";
				CLANG_ENABLE_MODULES = YES;
				CLANG_ENABLE_OBJC_ARC = YES;
				CLANG_ENABLE_OBJC_WEAK = YES;
				CLANG_WARN_BLOCK_CAPTURE_AUTORELEASING = YES;
				CLANG_WARN_BOOL_CONVERSION = YES;
				CLANG_WARN_COMMA = YES;
				CLANG_WARN_CONSTANT_CONVERSION = YES;
				CLANG_WARN_DEPRECATED_OBJC_IMPLEMENTATIONS = YES;
				CLANG_WARN_DIRECT_OBJC_ISA_USAGE = YES_ERROR;
				CLANG_WARN_DOCUMENTATION_COMMENTS = YES;
				CLANG_WARN_EMPTY_BODY = YES;
				CLANG_WARN_ENUM_CONVERSION = YES;
				CLANG_WARN_INFINITE_RECURSION = YES;
				CLANG_WARN_INT_CONVERSION = YES;
				CLANG_WARN_NON_LITERAL_NULL_CONVERSION = YES;
				CLANG_WARN_OBJC_IMPLICIT_RETAIN_SELF = YES;
				CLANG_WARN_OBJC_LITERAL_CONVERSION = YES;
				CLANG_WARN_OBJC_ROOT_CLASS = YES_ERROR;
				CLANG_WARN_QUOTED_INCLUDE_IN_FRAMEWORK_HEADER = YES;
				CLANG_WARN_RANGE_LOOP_ANALYSIS = YES;
				CLANG_WARN_STRICT_PROTOTYPES = YES;
				CLANG_WARN_SUSPICIOUS_MOVE = YES;
				CLANG_WARN_UNGUARDED_AVAILABILITY = YES_AGGRESSIVE;
				CLANG_WARN_UNREACHABLE_CODE = YES;
				CLANG_WARN__DUPLICATE_METHOD_MATCH = YES;
				COPY_PHASE_STRIP = NO;
				DEBUG_INFORMATION_FORMAT = dwarf;
				ENABLE_STRICT_OBJC_MSGSEND = YES;
				ENABLE_TESTABILITY = YES;
				ENABLE_USER_SCRIPT_SANDBOXING = YES;
				GCC_C_LANGUAGE_STANDARD = gnu17;
				GCC_DYNAMIC_NO_PIC = NO;
				GCC_NO_COMMON_BLOCKS = YES;
				GCC_OPTIMIZATION_LEVEL = 0;
				GCC_PREPROCESSOR_DEFINITIONS = (
					"DEBUG=1",
					"$(inherited)",
				);
				GCC_WARN_64_TO_32_BIT_CONVERSION = YES;
				GCC_WARN_ABOUT_RETURN_TYPE = YES_ERROR;
				GCC_WARN_UNDECLARED_SELECTOR = YES;
				GCC_WARN_UNINITIALIZED_AUTOS = YES_AGGRESSIVE;
				GCC_WARN_UNUSED_FUNCTION = YES;
				GCC_WARN_UNUSED_VARIABLE = YES;
				IPHONEOS_DEPLOYMENT_TARGET = 17.2;
				LOCALIZATION_PREFERS_STRING_CATALOGS = YES;
				MTL_ENABLE_DEBUG_INFO = INCLUDE_SOURCE;
				MTL_FAST_MATH = YES;
				ONLY_ACTIVE_ARCH = YES;
				SDKROOT = iphoneos;
				SWIFT_ACTIVE_COMPILATION_CONDITIONS = "DEBUG $(inherited)";
				SWIFT_OPTIMIZATION_LEVEL = "-Onone";
			};
			name = Debug;
		};
		4D1768492C37DF7D00142908 /* Release */ = {
			isa = XCBuildConfiguration;
			buildSettings = {
				ALWAYS_SEARCH_USER_PATHS = NO;
				ASSETCATALOG_COMPILER_GENERATE_SWIFT_ASSET_SYMBOL_EXTENSIONS = YES;
				CLANG_ANALYZER_NONNULL = YES;
				CLANG_ANALYZER_NUMBER_OBJECT_CONVERSION = YES_AGGRESSIVE;
				CLANG_CXX_LANGUAGE_STANDARD = "gnu++20";
				CLANG_ENABLE_MODULES = YES;
				CLANG_ENABLE_OBJC_ARC = YES;
				CLANG_ENABLE_OBJC_WEAK = YES;
				CLANG_WARN_BLOCK_CAPTURE_AUTORELEASING = YES;
				CLANG_WARN_BOOL_CONVERSION = YES;
				CLANG_WARN_COMMA = YES;
				CLANG_WARN_CONSTANT_CONVERSION = YES;
				CLANG_WARN_DEPRECATED_OBJC_IMPLEMENTATIONS = YES;
				CLANG_WARN_DIRECT_OBJC_ISA_USAGE = YES_ERROR;
				CLANG_WARN_DOCUMENTATION_COMMENTS = YES;
				CLANG_WARN_EMPTY_BODY = YES;
				CLANG_WARN_ENUM_CONVERSION = YES;
				CLANG_WARN_INFINITE_RECURSION = YES;
				CLANG_WARN_INT_CONVERSION = YES;
				CLANG_WARN_NON_LITERAL_NULL_CONVERSION = YES;
				CLANG_WARN_OBJC_IMPLICIT_RETAIN_SELF = YES;
				CLANG_WARN_OBJC_LITERAL_CONVERSION = YES;
				CLANG_WARN_OBJC_ROOT_CLASS = YES_ERROR;
				CLANG_WARN_QUOTED_INCLUDE_IN_FRAMEWORK_HEADER = YES;
				CLANG_WARN_RANGE_LOOP_ANALYSIS = YES;
				CLANG_WARN_STRICT_PROTOTYPES = YES;
				CLANG_WARN_SUSPICIOUS_MOVE = YES;
				CLANG_WARN_UNGUARDED_AVAILABILITY = YES_AGGRESSIVE;
				CLANG_WARN_UNREACHABLE_CODE = YES;
				CLANG_WARN__DUPLICATE_METHOD_MATCH = YES;
				COPY_PHASE_STRIP = NO;
				DEBUG_INFORMATION_FORMAT = "dwarf-with-dsym";
				ENABLE_NS_ASSERTIONS = NO;
				ENABLE_STRICT_OBJC_MSGSEND = YES;
				ENABLE_USER_SCRIPT_SANDBOXING = YES;
				GCC_C_LANGUAGE_STANDARD = gnu17;
				GCC_NO_COMMON_BLOCKS = YES;
				GCC_WARN_64_TO_32_BIT_CONVERSION = YES;
				GCC_WARN_ABOUT_RETURN_TYPE = YES_ERROR;
				GCC_WARN_UNDECLARED_SELECTOR = YES;
				GCC_WARN_UNINITIALIZED_AUTOS = YES_AGGRESSIVE;
				GCC_WARN_UNUSED_FUNCTION = YES;
				GCC_WARN_UNUSED_VARIABLE = YES;
				IPHONEOS_DEPLOYMENT_TARGET = 17.2;
				LOCALIZATION_PREFERS_STRING_CATALOGS = YES;
				MTL_ENABLE_DEBUG_INFO = NO;
				MTL_FAST_MATH = YES;
				SDKROOT = iphoneos;
				SWIFT_COMPILATION_MODE = wholemodule;
				VALIDATE_PRODUCT = YES;
			};
			name = Release;
		};
		4D17684B2C37DF7D00142908 /* Debug */ = {
			isa = XCBuildConfiguration;
			buildSettings = {
				ASSETCATALOG_COMPILER_APPICON_NAME = AppIcon;
				ASSETCATALOG_COMPILER_GLOBAL_ACCENT_COLOR_NAME = AccentColor;
				CODE_SIGN_STYLE = Automatic;
				CURRENT_PROJECT_VERSION = 1;
				GENERATE_INFOPLIST_FILE = YES;
				INFOPLIST_FILE = Example_SPM2/Info.plist;
				INFOPLIST_KEY_UIApplicationSupportsIndirectInputEvents = YES;
				INFOPLIST_KEY_UILaunchStoryboardName = LaunchScreen;
				INFOPLIST_KEY_UIMainStoryboardFile = Main;
				INFOPLIST_KEY_UISupportedInterfaceOrientations_iPad = "UIInterfaceOrientationPortrait UIInterfaceOrientationPortraitUpsideDown UIInterfaceOrientationLandscapeLeft UIInterfaceOrientationLandscapeRight";
				INFOPLIST_KEY_UISupportedInterfaceOrientations_iPhone = "UIInterfaceOrientationPortrait UIInterfaceOrientationLandscapeLeft UIInterfaceOrientationLandscapeRight";
				LD_RUNPATH_SEARCH_PATHS = (
					"$(inherited)",
					"@executable_path/Frameworks",
				);
				MARKETING_VERSION = 1.0;
				PRODUCT_BUNDLE_IDENTIFIER = "com.limefriends.Example-SPM2";
				PRODUCT_NAME = "$(TARGET_NAME)";
				SWIFT_EMIT_LOC_STRINGS = YES;
				SWIFT_VERSION = 5.0;
				TARGETED_DEVICE_FAMILY = "1,2";
			};
			name = Debug;
		};
		4D17684C2C37DF7D00142908 /* Release */ = {
			isa = XCBuildConfiguration;
			buildSettings = {
				ASSETCATALOG_COMPILER_APPICON_NAME = AppIcon;
				ASSETCATALOG_COMPILER_GLOBAL_ACCENT_COLOR_NAME = AccentColor;
				CODE_SIGN_STYLE = Automatic;
				CURRENT_PROJECT_VERSION = 1;
				GENERATE_INFOPLIST_FILE = YES;
				INFOPLIST_FILE = Example_SPM2/Info.plist;
				INFOPLIST_KEY_UIApplicationSupportsIndirectInputEvents = YES;
				INFOPLIST_KEY_UILaunchStoryboardName = LaunchScreen;
				INFOPLIST_KEY_UIMainStoryboardFile = Main;
				INFOPLIST_KEY_UISupportedInterfaceOrientations_iPad = "UIInterfaceOrientationPortrait UIInterfaceOrientationPortraitUpsideDown UIInterfaceOrientationLandscapeLeft UIInterfaceOrientationLandscapeRight";
				INFOPLIST_KEY_UISupportedInterfaceOrientations_iPhone = "UIInterfaceOrientationPortrait UIInterfaceOrientationLandscapeLeft UIInterfaceOrientationLandscapeRight";
				LD_RUNPATH_SEARCH_PATHS = (
					"$(inherited)",
					"@executable_path/Frameworks",
				);
				MARKETING_VERSION = 1.0;
				PRODUCT_BUNDLE_IDENTIFIER = "com.limefriends.Example-SPM2";
				PRODUCT_NAME = "$(TARGET_NAME)";
				SWIFT_EMIT_LOC_STRINGS = YES;
				SWIFT_VERSION = 5.0;
				TARGETED_DEVICE_FAMILY = "1,2";
			};
			name = Release;
		};
/* End XCBuildConfiguration section */

/* Begin XCConfigurationList section */
		4D1768312C37DF7D00142908 /* Build configuration list for PBXProject "Example_SPM2" */ = {
			isa = XCConfigurationList;
			buildConfigurations = (
				4D1768482C37DF7D00142908 /* Debug */,
				4D1768492C37DF7D00142908 /* Release */,
			);
			defaultConfigurationIsVisible = 0;
			defaultConfigurationName = Release;
		};
		4D17684A2C37DF7D00142908 /* Build configuration list for PBXNativeTarget "Example_SPM2" */ = {
			isa = XCConfigurationList;
			buildConfigurations = (
				4D17684B2C37DF7D00142908 /* Debug */,
				4D17684C2C37DF7D00142908 /* Release */,
			);
			defaultConfigurationIsVisible = 0;
			defaultConfigurationName = Release;
		};
/* End XCConfigurationList section */

/* Begin XCRemoteSwiftPackageReference section */
		4D17684D2C37DF8F00142908 /* XCRemoteSwiftPackageReference "LimeFriendsKit_SPM" */ = {
			isa = XCRemoteSwiftPackageReference;
			repositoryURL = "https://github.com/LimeDevelopers/LimeFriendsKit_SPM.git";
			requirement = {
				kind = upToNextMajorVersion;
				minimumVersion = 1.1.1;
			};
		};
/* End XCRemoteSwiftPackageReference section */

/* Begin XCSwiftPackageProductDependency section */
		4D17684E2C37DF8F00142908 /* Lime_UIComponents */ = {
			isa = XCSwiftPackageProductDependency;
			package = 4D17684D2C37DF8F00142908 /* XCRemoteSwiftPackageReference "LimeFriendsKit_SPM" */;
			productName = Lime_UIComponents;
		};
		4D1768502C37E28C00142908 /* Lime_UIComponents */ = {
			isa = XCSwiftPackageProductDependency;
			package = 4D17684D2C37DF8F00142908 /* XCRemoteSwiftPackageReference "LimeFriendsKit_SPM" */;
			productName = Lime_UIComponents;
		};
/* End XCSwiftPackageProductDependency section */
	};
	rootObject = 4D17682E2C37DF7D00142908 /* Project object */;
}
